
Microsoft Visual Studio Solution File, Format Version 12.00
# Visual Studio Version 16
VisualStudioVersion = 25.0.1704.0
MinimumVisualStudioVersion = 10.0.40219.1
Project("{FAE04EC0-301F-11D3-BF4B-00C04F79EFBC}") = "MovingGame", "MovingGame.csproj", "{1DB0C865-3B39-4B60-BF01-59623E5A92D8}"
EndProject
Global
	GlobalSection(SolutionConfigurationPlatforms) = preSolution
		Debug|Any CPU = Debug|Any CPU
		Release|Any CPU = Release|Any CPU
	EndGlobalSection
	GlobalSection(ProjectConfigurationPlatforms) = postSolution
		{1DB0C865-3B39-4B60-BF01-59623E5A92D8}.Debug|Any CPU.ActiveCfg = Debug|Any CPU
		{1DB0C865-3B39-4B60-BF01-59623E5A92D8}.Debug|Any CPU.Build.0 = Debug|Any CPU
		{1DB0C865-3B39-4B60-BF01-59623E5A92D8}.Release|Any CPU.ActiveCfg = Release|Any CPU
		{1DB0C865-3B39-4B60-BF01-59623E5A92D8}.Release|Any CPU.Build.0 = Release|Any CPU
	EndGlobalSection
	GlobalSection(SolutionProperties) = preSolution
		HideSolutionNode = FALSE
	EndGlobalSection
	GlobalSection(ExtensibilityGlobals) = postSolution
		SolutionGuid = {0077BDFC-5072-471F-A57E-680032626308}
	EndGlobalSection
EndGlobal
