
Microsoft Visual Studio Solution File, Format Version 12.00
# Visual Studio Version 16
VisualStudioVersion = 25.0.1704.0
MinimumVisualStudioVersion = 10.0.40219.1
Project("{FAE04EC0-301F-11D3-BF4B-00C04F79EFBC}") = "Vigenere", "Vigenere.csproj", "{D854E8C5-3940-415D-AD7B-AE5A9300CFD0}"
EndProject
Global
	GlobalSection(SolutionConfigurationPlatforms) = preSolution
		Debug|Any CPU = Debug|Any CPU
		Release|Any CPU = Release|Any CPU
	EndGlobalSection
	GlobalSection(ProjectConfigurationPlatforms) = postSolution
		{D854E8C5-3940-415D-AD7B-AE5A9300CFD0}.Debug|Any CPU.ActiveCfg = Debug|Any CPU
		{D854E8C5-3940-415D-AD7B-AE5A9300CFD0}.Debug|Any CPU.Build.0 = Debug|Any CPU
		{D854E8C5-3940-415D-AD7B-AE5A9300CFD0}.Release|Any CPU.ActiveCfg = Release|Any CPU
		{D854E8C5-3940-415D-AD7B-AE5A9300CFD0}.Release|Any CPU.Build.0 = Release|Any CPU
	EndGlobalSection
	GlobalSection(SolutionProperties) = preSolution
		HideSolutionNode = FALSE
	EndGlobalSection
	GlobalSection(ExtensibilityGlobals) = postSolution
		SolutionGuid = {B6BD7DF7-F388-4637-A1EE-401E72C85828}
	EndGlobalSection
EndGlobal
